{
    "name": "thingy-session-utils",
    "version": "0.0.3",
    "lockfileVersion": 2,
    "requires": true,
    "packages": {
        "": {
            "name": "thingy-session-utils",
            "version": "0.0.3",
            "license": "Unlicense",
            "dependencies": {
                "secret-manager-crypto-utils": "^0.2.0",
                "thingy-byte-utils": "0.0.7"
            }
        },
        "node_modules/@noble/ed25519": {
            "version": "1.7.1",
            "resolved": "https://registry.npmjs.org/@noble/ed25519/-/ed25519-1.7.1.tgz",
            "integrity": "sha512-Rk4SkJFaXZiznFyC/t77Q0NKS4FL7TLJJsVG2V2oiEq3kJVeTdxysEe/yRWSpnWMe808XRDJ+VFh5pt/FN5plw==",
            "funding": [
                {
                    "type": "individual",
                    "url": "https://paulmillr.com/funding/"
                }
            ]
        },
        "node_modules/secret-manager-crypto-utils": {
            "version": "0.2.0",
            "resolved": "https://registry.npmjs.org/secret-manager-crypto-utils/-/secret-manager-crypto-utils-0.2.0.tgz",
            "integrity": "sha512-on0VpDroRIPbxZe1t5CF4wKupEIeVw3K//LmnExwGVh3Lao0DZ/TnW7/E+dxHxHBNk4gJPZBxRE/WkPlYICYkg==",
            "dependencies": {
                "@noble/ed25519": "^1.7.1",
                "thingy-byte-utils": "0.0.7"
            }
        },
        "node_modules/thingy-byte-utils": {
            "version": "0.0.7",
            "resolved": "https://registry.npmjs.org/thingy-byte-utils/-/thingy-byte-utils-0.0.7.tgz",
            "integrity": "sha512-2ghUqTQI96WfuSkR+CuErQbVZglvPvTdZ4IyHB1O9tF7tdmsxYsSSs/K3Ax5U0TB4h9U4oslak/xps3mHpp2NA=="
        }
    },
    "dependencies": {
        "@noble/ed25519": {
            "version": "1.7.1",
            "resolved": "https://registry.npmjs.org/@noble/ed25519/-/ed25519-1.7.1.tgz",
            "integrity": "sha512-Rk4SkJFaXZiznFyC/t77Q0NKS4FL7TLJJsVG2V2oiEq3kJVeTdxysEe/yRWSpnWMe808XRDJ+VFh5pt/FN5plw=="
        },
        "secret-manager-crypto-utils": {
            "version": "0.2.0",
            "resolved": "https://registry.npmjs.org/secret-manager-crypto-utils/-/secret-manager-crypto-utils-0.2.0.tgz",
            "integrity": "sha512-on0VpDroRIPbxZe1t5CF4wKupEIeVw3K//LmnExwGVh3Lao0DZ/TnW7/E+dxHxHBNk4gJPZBxRE/WkPlYICYkg==",
            "requires": {
                "@noble/ed25519": "^1.7.1",
                "thingy-byte-utils": "0.0.7"
            }
        },
        "thingy-byte-utils": {
            "version": "0.0.7",
            "resolved": "https://registry.npmjs.org/thingy-byte-utils/-/thingy-byte-utils-0.0.7.tgz",
            "integrity": "sha512-2ghUqTQI96WfuSkR+CuErQbVZglvPvTdZ4IyHB1O9tF7tdmsxYsSSs/K3Ax5U0TB4h9U4oslak/xps3mHpp2NA=="
        }
    }
}
